
Microsoft Visual Studio Solution File, Format Version 12.00
# Visual Studio Version 17
VisualStudioVersion = 17.14.36401.2
MinimumVisualStudioVersion = 10.0.40219.1
Project("{FAE04EC0-301F-11D3-BF4B-00C04F79EFBC}") = "BNP.Web", "BNP.Web\BNP.Web.csproj", "{4875619C-A2A1-4BC9-B993-B7CA3C6BF682}"
EndProject
Project("{FAE04EC0-301F-11D3-BF4B-00C04F79EFBC}") = "BNP.Application", "BNP.Application\BNP.Application.csproj", "{306A559B-E630-4CAA-88F8-3CEF59EDAE44}"
EndProject
Project("{FAE04EC0-301F-11D3-BF4B-00C04F79EFBC}") = "BNP.Domain", "BNP.Domain\BNP.Domain.csproj", "{114984D3-4C4B-48C1-8B51-47D943458230}"
EndProject
Project("{FAE04EC0-301F-11D3-BF4B-00C04F79EFBC}") = "BNP.Infrastructure", "BNP.Infrastructure\BNP.Infrastructure.csproj", "{83F4FE06-5855-41E9-9D0F-CD7C227038B0}"
EndProject
Project("{FAE04EC0-301F-11D3-BF4B-00C04F79EFBC}") = "BNP.Tests", "BNP.Tests\BNP.Tests.csproj", "{0B726442-2565-492B-8370-6466DB429AAC}"
EndProject
Global
	GlobalSection(SolutionConfigurationPlatforms) = preSolution
		Debug|Any CPU = Debug|Any CPU
		Release|Any CPU = Release|Any CPU
	EndGlobalSection
	GlobalSection(ProjectConfigurationPlatforms) = postSolution
		{4875619C-A2A1-4BC9-B993-B7CA3C6BF682}.Debug|Any CPU.ActiveCfg = Debug|Any CPU
		{4875619C-A2A1-4BC9-B993-B7CA3C6BF682}.Debug|Any CPU.Build.0 = Debug|Any CPU
		{4875619C-A2A1-4BC9-B993-B7CA3C6BF682}.Release|Any CPU.ActiveCfg = Release|Any CPU
		{4875619C-A2A1-4BC9-B993-B7CA3C6BF682}.Release|Any CPU.Build.0 = Release|Any CPU
		{306A559B-E630-4CAA-88F8-3CEF59EDAE44}.Debug|Any CPU.ActiveCfg = Debug|Any CPU
		{306A559B-E630-4CAA-88F8-3CEF59EDAE44}.Debug|Any CPU.Build.0 = Debug|Any CPU
		{306A559B-E630-4CAA-88F8-3CEF59EDAE44}.Release|Any CPU.ActiveCfg = Release|Any CPU
		{306A559B-E630-4CAA-88F8-3CEF59EDAE44}.Release|Any CPU.Build.0 = Release|Any CPU
		{114984D3-4C4B-48C1-8B51-47D943458230}.Debug|Any CPU.ActiveCfg = Debug|Any CPU
		{114984D3-4C4B-48C1-8B51-47D943458230}.Debug|Any CPU.Build.0 = Debug|Any CPU
		{114984D3-4C4B-48C1-8B51-47D943458230}.Release|Any CPU.ActiveCfg = Release|Any CPU
		{114984D3-4C4B-48C1-8B51-47D943458230}.Release|Any CPU.Build.0 = Release|Any CPU
		{83F4FE06-5855-41E9-9D0F-CD7C227038B0}.Debug|Any CPU.ActiveCfg = Debug|Any CPU
		{83F4FE06-5855-41E9-9D0F-CD7C227038B0}.Debug|Any CPU.Build.0 = Debug|Any CPU
		{83F4FE06-5855-41E9-9D0F-CD7C227038B0}.Release|Any CPU.ActiveCfg = Release|Any CPU
		{83F4FE06-5855-41E9-9D0F-CD7C227038B0}.Release|Any CPU.Build.0 = Release|Any CPU
		{0B726442-2565-492B-8370-6466DB429AAC}.Debug|Any CPU.ActiveCfg = Debug|Any CPU
		{0B726442-2565-492B-8370-6466DB429AAC}.Debug|Any CPU.Build.0 = Debug|Any CPU
		{0B726442-2565-492B-8370-6466DB429AAC}.Release|Any CPU.ActiveCfg = Release|Any CPU
		{0B726442-2565-492B-8370-6466DB429AAC}.Release|Any CPU.Build.0 = Release|Any CPU
	EndGlobalSection
	GlobalSection(SolutionProperties) = preSolution
		HideSolutionNode = FALSE
	EndGlobalSection
	GlobalSection(ExtensibilityGlobals) = postSolution
		SolutionGuid = {8DB85B67-CE15-4571-BD26-C62E7EEA8B0D}
	EndGlobalSection
EndGlobal
